
Microsoft Visual Studio Solution File, Format Version 12.00
# Visual Studio Version 17
VisualStudioVersion = 17.9.34728.123
MinimumVisualStudioVersion = 10.0.40219.1
Project("{9A19103F-16F7-4668-BE54-9A1E7A4F7556}") = "Chapter.Net.BLZ.Navigation", "Chapter.Net.BLZ.Navigation\Chapter.Net.BLZ.Navigation.csproj", "{2D4EF6A3-9023-4EAA-AD72-C50F8897A504}"
EndProject
Global
	GlobalSection(SolutionConfigurationPlatforms) = preSolution
		Debug|Any CPU = Debug|Any CPU
		Release|Any CPU = Release|Any CPU
	EndGlobalSection
	GlobalSection(ProjectConfigurationPlatforms) = postSolution
		{2D4EF6A3-9023-4EAA-AD72-C50F8897A504}.Debug|Any CPU.ActiveCfg = Debug|Any CPU
		{2D4EF6A3-9023-4EAA-AD72-C50F8897A504}.Debug|Any CPU.Build.0 = Debug|Any CPU
		{2D4EF6A3-9023-4EAA-AD72-C50F8897A504}.Release|Any CPU.ActiveCfg = Release|Any CPU
		{2D4EF6A3-9023-4EAA-AD72-C50F8897A504}.Release|Any CPU.Build.0 = Release|Any CPU
	EndGlobalSection
	GlobalSection(SolutionProperties) = preSolution
		HideSolutionNode = FALSE
	EndGlobalSection
	GlobalSection(ExtensibilityGlobals) = postSolution
		SolutionGuid = {2E4CF381-05E7-41A6-9C6B-B9658ACDCD6E}
	EndGlobalSection
EndGlobal
